
Microsoft Visual Studio Solution File, Format Version 12.00
# Visual Studio Version 17
VisualStudioVersion = 17.14.36414.22 d17.14
MinimumVisualStudioVersion = 10.0.40219.1
Project("{FAE04EC0-301F-11D3-BF4B-00C04F79EFBC}") = "StudentManagement-Obg", "StudentManagement-Obg.csproj", "{2CA9EDDD-EEAC-4BE2-AF05-0CD36BB861DD}"
EndProject
Global
	GlobalSection(SolutionConfigurationPlatforms) = preSolution
		Debug|Any CPU = Debug|Any CPU
		Release|Any CPU = Release|Any CPU
	EndGlobalSection
	GlobalSection(ProjectConfigurationPlatforms) = postSolution
		{2CA9EDDD-EEAC-4BE2-AF05-0CD36BB861DD}.Debug|Any CPU.ActiveCfg = Debug|Any CPU
		{2CA9EDDD-EEAC-4BE2-AF05-0CD36BB861DD}.Debug|Any CPU.Build.0 = Debug|Any CPU
		{2CA9EDDD-EEAC-4BE2-AF05-0CD36BB861DD}.Release|Any CPU.ActiveCfg = Release|Any CPU
		{2CA9EDDD-EEAC-4BE2-AF05-0CD36BB861DD}.Release|Any CPU.Build.0 = Release|Any CPU
	EndGlobalSection
	GlobalSection(SolutionProperties) = preSolution
		HideSolutionNode = FALSE
	EndGlobalSection
	GlobalSection(ExtensibilityGlobals) = postSolution
		SolutionGuid = {92CD526E-4613-4E01-B9C8-66ACC86F4030}
	EndGlobalSection
EndGlobal
